
Microsoft Visual Studio Solution File, Format Version 12.00
# Visual Studio Version 16
VisualStudioVersion = 16.0.30011.22
MinimumVisualStudioVersion = 10.0.40219.1
Project("{8BC9CEB8-8B4A-11D0-8D11-00A0C91BC942}") = "clear_screen", "clear_screen\clear_screen.vcxproj", "{9C2E5D12-4B58-4AA1-955F-EC3C4E9EDE05}"
EndProject
Global
	GlobalSection(SolutionConfigurationPlatforms) = preSolution
		Debug|x64 = Debug|x64
		Debug|x86 = Debug|x86
		Release|x64 = Release|x64
		Release|x86 = Release|x86
	EndGlobalSection
	GlobalSection(ProjectConfigurationPlatforms) = postSolution
		{9C2E5D12-4B58-4AA1-955F-EC3C4E9EDE05}.Debug|x64.ActiveCfg = Debug|x64
		{9C2E5D12-4B58-4AA1-955F-EC3C4E9EDE05}.Debug|x64.Build.0 = Debug|x64
		{9C2E5D12-4B58-4AA1-955F-EC3C4E9EDE05}.Debug|x86.ActiveCfg = Debug|Win32
		{9C2E5D12-4B58-4AA1-955F-EC3C4E9EDE05}.Debug|x86.Build.0 = Debug|Win32
		{9C2E5D12-4B58-4AA1-955F-EC3C4E9EDE05}.Release|x64.ActiveCfg = Release|x64
		{9C2E5D12-4B58-4AA1-955F-EC3C4E9EDE05}.Release|x64.Build.0 = Release|x64
		{9C2E5D12-4B58-4AA1-955F-EC3C4E9EDE05}.Release|x86.ActiveCfg = Release|Win32
		{9C2E5D12-4B58-4AA1-955F-EC3C4E9EDE05}.Release|x86.Build.0 = Release|Win32
	EndGlobalSection
	GlobalSection(SolutionProperties) = preSolution
		HideSolutionNode = FALSE
	EndGlobalSection
	GlobalSection(ExtensibilityGlobals) = postSolution
		SolutionGuid = {468555A7-C781-443E-BB63-A705C1EC8176}
	EndGlobalSection
EndGlobal
