
Microsoft Visual Studio Solution File, Format Version 12.00
# Visual Studio Version 16
VisualStudioVersion = 16.0.30204.135
MinimumVisualStudioVersion = 10.0.40219.1
Project("{8BC9CEB8-8B4A-11D0-8D11-00A0C91BC942}") = "chapter03", "chapter03\chapter03.vcxproj", "{0C1DA710-EA08-4B9A-B798-F9B4D08817EE}"
EndProject
Project("{8BC9CEB8-8B4A-11D0-8D11-00A0C91BC942}") = "chapter04", "chapter04\chapter04.vcxproj", "{C9C19C5F-1CA9-4E7B-86C7-1AB5CE130139}"
EndProject
Project("{8BC9CEB8-8B4A-11D0-8D11-00A0C91BC942}") = "chapter05", "chapter05\chapter05.vcxproj", "{CCC28BE7-3480-4373-A4FC-C7E696B7D0BA}"
EndProject
Project("{8BC9CEB8-8B4A-11D0-8D11-00A0C91BC942}") = "chapter06", "chapter06\chapter06.vcxproj", "{2B59F15D-4771-4278-8B6C-A513BADB30D0}"
EndProject
Project("{8BC9CEB8-8B4A-11D0-8D11-00A0C91BC942}") = "chapter07", "chapter07\chapter07.vcxproj", "{4AA3439C-5DF5-42F0-B80C-FD2E51939849}"
EndProject
Project("{8BC9CEB8-8B4A-11D0-8D11-00A0C91BC942}") = "chapter08", "chapter08\chapter08.vcxproj", "{B2F6DBE4-99FB-44A4-AF46-9B91655BFC68}"
EndProject
Project("{8BC9CEB8-8B4A-11D0-8D11-00A0C91BC942}") = "program", "program\program.vcxproj", "{DBA7C2FC-2BA7-4BE8-B80C-27BE96A55D68}"
EndProject
Global
	GlobalSection(SolutionConfigurationPlatforms) = preSolution
		Debug|x64 = Debug|x64
		Debug|x86 = Debug|x86
		Release|x64 = Release|x64
		Release|x86 = Release|x86
	EndGlobalSection
	GlobalSection(ProjectConfigurationPlatforms) = postSolution
		{0C1DA710-EA08-4B9A-B798-F9B4D08817EE}.Debug|x64.ActiveCfg = Debug|x64
		{0C1DA710-EA08-4B9A-B798-F9B4D08817EE}.Debug|x64.Build.0 = Debug|x64
		{0C1DA710-EA08-4B9A-B798-F9B4D08817EE}.Debug|x86.ActiveCfg = Debug|Win32
		{0C1DA710-EA08-4B9A-B798-F9B4D08817EE}.Debug|x86.Build.0 = Debug|Win32
		{0C1DA710-EA08-4B9A-B798-F9B4D08817EE}.Release|x64.ActiveCfg = Release|x64
		{0C1DA710-EA08-4B9A-B798-F9B4D08817EE}.Release|x64.Build.0 = Release|x64
		{0C1DA710-EA08-4B9A-B798-F9B4D08817EE}.Release|x86.ActiveCfg = Release|Win32
		{0C1DA710-EA08-4B9A-B798-F9B4D08817EE}.Release|x86.Build.0 = Release|Win32
		{C9C19C5F-1CA9-4E7B-86C7-1AB5CE130139}.Debug|x64.ActiveCfg = Debug|x64
		{C9C19C5F-1CA9-4E7B-86C7-1AB5CE130139}.Debug|x64.Build.0 = Debug|x64
		{C9C19C5F-1CA9-4E7B-86C7-1AB5CE130139}.Debug|x86.ActiveCfg = Debug|Win32
		{C9C19C5F-1CA9-4E7B-86C7-1AB5CE130139}.Debug|x86.Build.0 = Debug|Win32
		{C9C19C5F-1CA9-4E7B-86C7-1AB5CE130139}.Release|x64.ActiveCfg = Release|x64
		{C9C19C5F-1CA9-4E7B-86C7-1AB5CE130139}.Release|x64.Build.0 = Release|x64
		{C9C19C5F-1CA9-4E7B-86C7-1AB5CE130139}.Release|x86.ActiveCfg = Release|Win32
		{C9C19C5F-1CA9-4E7B-86C7-1AB5CE130139}.Release|x86.Build.0 = Release|Win32
		{CCC28BE7-3480-4373-A4FC-C7E696B7D0BA}.Debug|x64.ActiveCfg = Debug|x64
		{CCC28BE7-3480-4373-A4FC-C7E696B7D0BA}.Debug|x64.Build.0 = Debug|x64
		{CCC28BE7-3480-4373-A4FC-C7E696B7D0BA}.Debug|x86.ActiveCfg = Debug|Win32
		{CCC28BE7-3480-4373-A4FC-C7E696B7D0BA}.Debug|x86.Build.0 = Debug|Win32
		{CCC28BE7-3480-4373-A4FC-C7E696B7D0BA}.Release|x64.ActiveCfg = Release|x64
		{CCC28BE7-3480-4373-A4FC-C7E696B7D0BA}.Release|x64.Build.0 = Release|x64
		{CCC28BE7-3480-4373-A4FC-C7E696B7D0BA}.Release|x86.ActiveCfg = Release|Win32
		{CCC28BE7-3480-4373-A4FC-C7E696B7D0BA}.Release|x86.Build.0 = Release|Win32
		{2B59F15D-4771-4278-8B6C-A513BADB30D0}.Debug|x64.ActiveCfg = Debug|x64
		{2B59F15D-4771-4278-8B6C-A513BADB30D0}.Debug|x64.Build.0 = Debug|x64
		{2B59F15D-4771-4278-8B6C-A513BADB30D0}.Debug|x86.ActiveCfg = Debug|Win32
		{2B59F15D-4771-4278-8B6C-A513BADB30D0}.Debug|x86.Build.0 = Debug|Win32
		{2B59F15D-4771-4278-8B6C-A513BADB30D0}.Release|x64.ActiveCfg = Release|x64
		{2B59F15D-4771-4278-8B6C-A513BADB30D0}.Release|x64.Build.0 = Release|x64
		{2B59F15D-4771-4278-8B6C-A513BADB30D0}.Release|x86.ActiveCfg = Release|Win32
		{2B59F15D-4771-4278-8B6C-A513BADB30D0}.Release|x86.Build.0 = Release|Win32
		{4AA3439C-5DF5-42F0-B80C-FD2E51939849}.Debug|x64.ActiveCfg = Debug|x64
		{4AA3439C-5DF5-42F0-B80C-FD2E51939849}.Debug|x64.Build.0 = Debug|x64
		{4AA3439C-5DF5-42F0-B80C-FD2E51939849}.Debug|x86.ActiveCfg = Debug|Win32
		{4AA3439C-5DF5-42F0-B80C-FD2E51939849}.Debug|x86.Build.0 = Debug|Win32
		{4AA3439C-5DF5-42F0-B80C-FD2E51939849}.Release|x64.ActiveCfg = Release|x64
		{4AA3439C-5DF5-42F0-B80C-FD2E51939849}.Release|x64.Build.0 = Release|x64
		{4AA3439C-5DF5-42F0-B80C-FD2E51939849}.Release|x86.ActiveCfg = Release|Win32
		{4AA3439C-5DF5-42F0-B80C-FD2E51939849}.Release|x86.Build.0 = Release|Win32
		{B2F6DBE4-99FB-44A4-AF46-9B91655BFC68}.Debug|x64.ActiveCfg = Debug|x64
		{B2F6DBE4-99FB-44A4-AF46-9B91655BFC68}.Debug|x64.Build.0 = Debug|x64
		{B2F6DBE4-99FB-44A4-AF46-9B91655BFC68}.Debug|x86.ActiveCfg = Debug|Win32
		{B2F6DBE4-99FB-44A4-AF46-9B91655BFC68}.Debug|x86.Build.0 = Debug|Win32
		{B2F6DBE4-99FB-44A4-AF46-9B91655BFC68}.Release|x64.ActiveCfg = Release|x64
		{B2F6DBE4-99FB-44A4-AF46-9B91655BFC68}.Release|x64.Build.0 = Release|x64
		{B2F6DBE4-99FB-44A4-AF46-9B91655BFC68}.Release|x86.ActiveCfg = Release|Win32
		{B2F6DBE4-99FB-44A4-AF46-9B91655BFC68}.Release|x86.Build.0 = Release|Win32
		{DBA7C2FC-2BA7-4BE8-B80C-27BE96A55D68}.Debug|x64.ActiveCfg = Debug|x64
		{DBA7C2FC-2BA7-4BE8-B80C-27BE96A55D68}.Debug|x64.Build.0 = Debug|x64
		{DBA7C2FC-2BA7-4BE8-B80C-27BE96A55D68}.Debug|x86.ActiveCfg = Debug|Win32
		{DBA7C2FC-2BA7-4BE8-B80C-27BE96A55D68}.Debug|x86.Build.0 = Debug|Win32
		{DBA7C2FC-2BA7-4BE8-B80C-27BE96A55D68}.Release|x64.ActiveCfg = Release|x64
		{DBA7C2FC-2BA7-4BE8-B80C-27BE96A55D68}.Release|x64.Build.0 = Release|x64
		{DBA7C2FC-2BA7-4BE8-B80C-27BE96A55D68}.Release|x86.ActiveCfg = Release|Win32
		{DBA7C2FC-2BA7-4BE8-B80C-27BE96A55D68}.Release|x86.Build.0 = Release|Win32
	EndGlobalSection
	GlobalSection(SolutionProperties) = preSolution
		HideSolutionNode = FALSE
	EndGlobalSection
	GlobalSection(ExtensibilityGlobals) = postSolution
		SolutionGuid = {12A50AEE-9993-44FF-B92D-82B440237293}
	EndGlobalSection
EndGlobal
